
Microsoft Visual Studio Solution File, Format Version 12.00
# Visual Studio Version 17
VisualStudioVersion = 17.4.33213.308
MinimumVisualStudioVersion = 10.0.40219.1
Project("{9A19103F-16F7-4668-BE54-9A1E7A4F7556}") = "Hashtable Challenge", "Hashtable Challenge\Hashtable Challenge.csproj", "{E0A58461-28EB-4735-AF66-C45943D40A4D}"
EndProject
Project("{2150E333-8FDC-42A3-9474-1A3956D46DE8}") = "Itens de Solução", "Itens de Solução", "{5CE5F456-E6DF-4E44-A522-B1D37FC401B1}"
EndProject
Global
	GlobalSection(SolutionConfigurationPlatforms) = preSolution
		Debug|Any CPU = Debug|Any CPU
		Release|Any CPU = Release|Any CPU
	EndGlobalSection
	GlobalSection(ProjectConfigurationPlatforms) = postSolution
		{E0A58461-28EB-4735-AF66-C45943D40A4D}.Debug|Any CPU.ActiveCfg = Debug|Any CPU
		{E0A58461-28EB-4735-AF66-C45943D40A4D}.Debug|Any CPU.Build.0 = Debug|Any CPU
		{E0A58461-28EB-4735-AF66-C45943D40A4D}.Release|Any CPU.ActiveCfg = Release|Any CPU
		{E0A58461-28EB-4735-AF66-C45943D40A4D}.Release|Any CPU.Build.0 = Release|Any CPU
	EndGlobalSection
	GlobalSection(SolutionProperties) = preSolution
		HideSolutionNode = FALSE
	EndGlobalSection
	GlobalSection(ExtensibilityGlobals) = postSolution
		SolutionGuid = {3DF4540E-DBE6-4B06-8E5B-94191D3A3048}
	EndGlobalSection
EndGlobal
